// !$*UTF8*$!
{
	archiveVersion = 1;
	classes = {
	};
	objectVersion = 50;
	objects = {

/* Begin PBXBuildFile section */
		30D0C7A82728460100972D22 /* AppDelegate.swift in Sources */ = {isa = PBXBuildFile; fileRef = 30D0C7A72728460100972D22 /* AppDelegate.swift */; };
		30D0C7AA2728460100972D22 /* SceneDelegate.swift in Sources */ = {isa = PBXBuildFile; fileRef = 30D0C7A92728460100972D22 /* SceneDelegate.swift */; };
		30D0C7AF2728460100972D22 /* Main.storyboard in Resources */ = {isa = PBXBuildFile; fileRef = 30D0C7AD2728460100972D22 /* Main.storyboard */; };
		30D0C7B12728460300972D22 /* Assets.xcassets in Resources */ = {isa = PBXBuildFile; fileRef = 30D0C7B02728460300972D22 /* Assets.xcassets */; };
		30D0C7B42728460300972D22 /* LaunchScreen.storyboard in Resources */ = {isa = PBXBuildFile; fileRef = 30D0C7B22728460300972D22 /* LaunchScreen.storyboard */; };
		30D0C7BD272848B300972D22 /* NewsListTableViewController.swift in Sources */ = {isa = PBXBuildFile; fileRef = 30D0C7BC272848B300972D22 /* NewsListTableViewController.swift */; };
		30D0C7C02728522400972D22 /* WebServices.swift in Sources */ = {isa = PBXBuildFile; fileRef = 30D0C7BF2728522400972D22 /* WebServices.swift */; };
		30D0C7C3272854F300972D22 /* Article.swift in Sources */ = {isa = PBXBuildFile; fileRef = 30D0C7C2272854F300972D22 /* Article.swift */; };
		30D0C7C6272857C800972D22 /* ArticleViewModel.swift in Sources */ = {isa = PBXBuildFile; fileRef = 30D0C7C5272857C800972D22 /* ArticleViewModel.swift */; };
		30D0C7C927286A6600972D22 /* ArticleTableViewCell.swift in Sources */ = {isa = PBXBuildFile; fileRef = 30D0C7C827286A6600972D22 /* ArticleTableViewCell.swift */; };
/* End PBXBuildFile section */

/* Begin PBXFileReference section */
		30D0C7A42728460100972D22 /* GoodNews.app */ = {isa = PBXFileReference; explicitFileType = wrapper.application; includeInIndex = 0; path = GoodNews.app; sourceTree = BUILT_PRODUCTS_DIR; };
		30D0C7A72728460100972D22 /* AppDelegate.swift */ = {isa = PBXFileReference; lastKnownFileType = sourcecode.swift; path = AppDelegate.swift; sourceTree = "<group>"; };
		30D0C7A92728460100972D22 /* SceneDelegate.swift */ = {isa = PBXFileReference; lastKnownFileType = sourcecode.swift; path = SceneDelegate.swift; sourceTree = "<group>"; };
		30D0C7AE2728460100972D22 /* Base */ = {isa = PBXFileReference; lastKnownFileType = file.storyboard; name = Base; path = Base.lproj/Main.storyboard; sourceTree = "<group>"; };
		30D0C7B02728460300972D22 /* Assets.xcassets */ = {isa = PBXFileReference; lastKnownFileType = folder.assetcatalog; path = Assets.xcassets; sourceTree = "<group>"; };
		30D0C7B32728460300972D22 /* Base */ = {isa = PBXFileReference; lastKnownFileType = file.storyboard; name = Base; path = Base.lproj/LaunchScreen.storyboard; sourceTree = "<group>"; };
		30D0C7B52728460300972D22 /* Info.plist */ = {isa = PBXFileReference; lastKnownFileType = text.plist.xml; path = Info.plist; sourceTree = "<group>"; };
		30D0C7BC272848B300972D22 /* NewsListTableViewController.swift */ = {isa = PBXFileReference; lastKnownFileType = sourcecode.swift; path = NewsListTableViewController.swift; sourceTree = "<group>"; };
		30D0C7BF2728522400972D22 /* WebServices.swift */ = {isa = PBXFileReference; lastKnownFileType = sourcecode.swift; path = WebServices.swift; sourceTree = "<group>"; };
		30D0C7C2272854F300972D22 /* Article.swift */ = {isa = PBXFileReference; lastKnownFileType = sourcecode.swift; path = Article.swift; sourceTree = "<group>"; };
		30D0C7C5272857C800972D22 /* ArticleViewModel.swift */ = {isa = PBXFileReference; lastKnownFileType = sourcecode.swift; path = ArticleViewModel.swift; sourceTree = "<group>"; };
		30D0C7C827286A6600972D22 /* ArticleTableViewCell.swift */ = {isa = PBXFileReference; lastKnownFileType = sourcecode.swift; path = ArticleTableViewCell.swift; sourceTree = "<group>"; };
/* End PBXFileReference section */

/* Begin PBXFrameworksBuildPhase section */
		30D0C7A12728460100972D22 /* Frameworks */ = {
			isa = PBXFrameworksBuildPhase;
			buildActionMask = 2147483647;
			files = (
			);
			runOnlyForDeploymentPostprocessing = 0;
		};
/* End PBXFrameworksBuildPhase section */

/* Begin PBXGroup section */
		30D0C79B2728460100972D22 = {
			isa = PBXGroup;
			children = (
				30D0C7A62728460100972D22 /* GoodNews */,
				30D0C7A52728460100972D22 /* Products */,
			);
			sourceTree = "<group>";
		};
		30D0C7A52728460100972D22 /* Products */ = {
			isa = PBXGroup;
			children = (
				30D0C7A42728460100972D22 /* GoodNews.app */,
			);
			name = Products;
			sourceTree = "<group>";
		};
		30D0C7A62728460100972D22 /* GoodNews */ = {
			isa = PBXGroup;
			children = (
				30D0C7C727286A3100972D22 /* Cells */,
				30D0C7C4272857B400972D22 /* View Models */,
				30D0C7C1272854A500972D22 /* Model */,
				30D0C7BE2728521500972D22 /* Services */,
				30D0C7BB2728488100972D22 /* Controllers */,
				30D0C7A72728460100972D22 /* AppDelegate.swift */,
				30D0C7A92728460100972D22 /* SceneDelegate.swift */,
				30D0C7AD2728460100972D22 /* Main.storyboard */,
				30D0C7B02728460300972D22 /* Assets.xcassets */,
				30D0C7B22728460300972D22 /* LaunchScreen.storyboard */,
				30D0C7B52728460300972D22 /* Info.plist */,
			);
			path = GoodNews;
			sourceTree = "<group>";
		};
		30D0C7BB2728488100972D22 /* Controllers */ = {
			isa = PBXGroup;
			children = (
				30D0C7BC272848B300972D22 /* NewsListTableViewController.swift */,
			);
			path = Controllers;
			sourceTree = "<group>";
		};
		30D0C7BE2728521500972D22 /* Services */ = {
			isa = PBXGroup;
			children = (
				30D0C7BF2728522400972D22 /* WebServices.swift */,
			);
			path = Services;
			sourceTree = "<group>";
		};
		30D0C7C1272854A500972D22 /* Model */ = {
			isa = PBXGroup;
			children = (
				30D0C7C2272854F300972D22 /* Article.swift */,
			);
			path = Model;
			sourceTree = "<group>";
		};
		30D0C7C4272857B400972D22 /* View Models */ = {
			isa = PBXGroup;
			children = (
				30D0C7C5272857C800972D22 /* ArticleViewModel.swift */,
			);
			path = "View Models";
			sourceTree = "<group>";
		};
		30D0C7C727286A3100972D22 /* Cells */ = {
			isa = PBXGroup;
			children = (
				30D0C7C827286A6600972D22 /* ArticleTableViewCell.swift */,
			);
			path = Cells;
			sourceTree = "<group>";
		};
/* End PBXGroup section */

/* Begin PBXNativeTarget section */
		30D0C7A32728460100972D22 /* GoodNews */ = {
			isa = PBXNativeTarget;
			buildConfigurationList = 30D0C7B82728460300972D22 /* Build configuration list for PBXNativeTarget "GoodNews" */;
			buildPhases = (
				30D0C7A02728460100972D22 /* Sources */,
				30D0C7A12728460100972D22 /* Frameworks */,
				30D0C7A22728460100972D22 /* Resources */,
			);
			buildRules = (
			);
			dependencies = (
			);
			name = GoodNews;
			productName = GoodNews;
			productReference = 30D0C7A42728460100972D22 /* GoodNews.app */;
			productType = "com.apple.product-type.application";
		};
/* End PBXNativeTarget section */

/* Begin PBXProject section */
		30D0C79C2728460100972D22 /* Project object */ = {
			isa = PBXProject;
			attributes = {
				LastSwiftUpdateCheck = 1250;
				LastUpgradeCheck = 1250;
				TargetAttributes = {
					30D0C7A32728460100972D22 = {
						CreatedOnToolsVersion = 12.5.1;
					};
				};
			};
			buildConfigurationList = 30D0C79F2728460100972D22 /* Build configuration list for PBXProject "GoodNews" */;
			compatibilityVersion = "Xcode 9.3";
			developmentRegion = en;
			hasScannedForEncodings = 0;
			knownRegions = (
				en,
				Base,
			);
			mainGroup = 30D0C79B2728460100972D22;
			productRefGroup = 30D0C7A52728460100972D22 /* Products */;
			projectDirPath = "";
			projectRoot = "";
			targets = (
				30D0C7A32728460100972D22 /* GoodNews */,
			);
		};
/* End PBXProject section */

/* Begin PBXResourcesBuildPhase section */
		30D0C7A22728460100972D22 /* Resources */ = {
			isa = PBXResourcesBuildPhase;
			buildActionMask = 2147483647;
			files = (
				30D0C7B42728460300972D22 /* LaunchScreen.storyboard in Resources */,
				30D0C7B12728460300972D22 /* Assets.xcassets in Resources */,
				30D0C7AF2728460100972D22 /* Main.storyboard in Resources */,
			);
			runOnlyForDeploymentPostprocessing = 0;
		};
/* End PBXResourcesBuildPhase section */

/* Begin PBXSourcesBuildPhase section */
		30D0C7A02728460100972D22 /* Sources */ = {
			isa = PBXSourcesBuildPhase;
			buildActionMask = 2147483647;
			files = (
				30D0C7A82728460100972D22 /* AppDelegate.swift in Sources */,
				30D0C7BD272848B300972D22 /* NewsListTableViewController.swift in Sources */,
				30D0C7C02728522400972D22 /* WebServices.swift in Sources */,
				30D0C7C6272857C800972D22 /* ArticleViewModel.swift in Sources */,
				30D0C7AA2728460100972D22 /* SceneDelegate.swift in Sources */,
				30D0C7C927286A6600972D22 /* ArticleTableViewCell.swift in Sources */,
				30D0C7C3272854F300972D22 /* Article.swift in Sources */,
			);
			runOnlyForDeploymentPostprocessing = 0;
		};
/* End PBXSourcesBuildPhase section */

/* Begin PBXVariantGroup section */
		30D0C7AD2728460100972D22 /* Main.storyboard */ = {
			isa = PBXVariantGroup;
			children = (
				30D0C7AE2728460100972D22 /* Base */,
			);
			name = Main.storyboard;
			sourceTree = "<group>";
		};
		30D0C7B22728460300972D22 /* LaunchScreen.storyboard */ = {
			isa = PBXVariantGroup;
			children = (
				30D0C7B32728460300972D22 /* Base */,
			);
			name = LaunchScreen.storyboard;
			sourceTree = "<group>";
		};
/* End PBXVariantGroup section */

/* Begin XCBuildConfiguration section */
		30D0C7B62728460300972D22 /* Debug */ = {
			isa = XCBuildConfiguration;
			buildSettings = {
				ALWAYS_SEARCH_USER_PATHS = NO;
				CLANG_ANALYZER_NONNULL = YES;
				CLANG_ANALYZER_NUMBER_OBJECT_CONVERSION = YES_AGGRESSIVE;
				CLANG_CXX_LANGUAGE_STANDARD = "gnu++14";
				CLANG_CXX_LIBRARY = "libc++";
				CLANG_ENABLE_MODULES = YES;
				CLANG_ENABLE_OBJC_ARC = YES;
				CLANG_ENABLE_OBJC_WEAK = YES;
				CLANG_WARN_BLOCK_CAPTURE_AUTORELEASING = YES;
				CLANG_WARN_BOOL_CONVERSION = YES;
				CLANG_WARN_COMMA = YES;
				CLANG_WARN_CONSTANT_CONVERSION = YES;
				CLANG_WARN_DEPRECATED_OBJC_IMPLEMENTATIONS = YES;
				CLANG_WARN_DIRECT_OBJC_ISA_USAGE = YES_ERROR;
				CLANG_WARN_DOCUMENTATION_COMMENTS = YES;
				CLANG_WARN_EMPTY_BODY = YES;
				CLANG_WARN_ENUM_CONVERSION = YES;
				CLANG_WARN_INFINITE_RECURSION = YES;
				CLANG_WARN_INT_CONVERSION = YES;
				CLANG_WARN_NON_LITERAL_NULL_CONVERSION = YES;
				CLANG_WARN_OBJC_IMPLICIT_RETAIN_SELF = YES;
				CLANG_WARN_OBJC_LITERAL_CONVERSION = YES;
				CLANG_WARN_OBJC_ROOT_CLASS = YES_ERROR;
				CLANG_WARN_QUOTED_INCLUDE_IN_FRAMEWORK_HEADER = YES;
				CLANG_WARN_RANGE_LOOP_ANALYSIS = YES;
				CLANG_WARN_STRICT_PROTOTYPES = YES;
				CLANG_WARN_SUSPICIOUS_MOVE = YES;
				CLANG_WARN_UNGUARDED_AVAILABILITY = YES_AGGRESSIVE;
				CLANG_WARN_UNREACHABLE_CODE = YES;
				CLANG_WARN__DUPLICATE_METHOD_MATCH = YES;
				COPY_PHASE_STRIP = NO;
				DEBUG_INFORMATION_FORMAT = dwarf;
				ENABLE_STRICT_OBJC_MSGSEND = YES;
				ENABLE_TESTABILITY = YES;
				GCC_C_LANGUAGE_STANDARD = gnu11;
				GCC_DYNAMIC_NO_PIC = NO;
				GCC_NO_COMMON_BLOCKS = YES;
				GCC_OPTIMIZATION_LEVEL = 0;
				GCC_PREPROCESSOR_DEFINITIONS = (
					"DEBUG=1",
					"$(inherited)",
				);
				GCC_WARN_64_TO_32_BIT_CONVERSION = YES;
				GCC_WARN_ABOUT_RETURN_TYPE = YES_ERROR;
				GCC_WARN_UNDECLARED_SELECTOR = YES;
				GCC_WARN_UNINITIALIZED_AUTOS = YES_AGGRESSIVE;
				GCC_WARN_UNUSED_FUNCTION = YES;
				GCC_WARN_UNUSED_VARIABLE = YES;
				IPHONEOS_DEPLOYMENT_TARGET = 14.5;
				MTL_ENABLE_DEBUG_INFO = INCLUDE_SOURCE;
				MTL_FAST_MATH = YES;
				ONLY_ACTIVE_ARCH = YES;
				SDKROOT = iphoneos;
				SWIFT_ACTIVE_COMPILATION_CONDITIONS = DEBUG;
				SWIFT_OPTIMIZATION_LEVEL = "-Onone";
			};
			name = Debug;
		};
		30D0C7B72728460300972D22 /* Release */ = {
			isa = XCBuildConfiguration;
			buildSettings = {
				ALWAYS_SEARCH_USER_PATHS = NO;
				CLANG_ANALYZER_NONNULL = YES;
				CLANG_ANALYZER_NUMBER_OBJECT_CONVERSION = YES_AGGRESSIVE;
				CLANG_CXX_LANGUAGE_STANDARD = "gnu++14";
				CLANG_CXX_LIBRARY = "libc++";
				CLANG_ENABLE_MODULES = YES;
				CLANG_ENABLE_OBJC_ARC = YES;
				CLANG_ENABLE_OBJC_WEAK = YES;
				CLANG_WARN_BLOCK_CAPTURE_AUTORELEASING = YES;
				CLANG_WARN_BOOL_CONVERSION = YES;
				CLANG_WARN_COMMA = YES;
				CLANG_WARN_CONSTANT_CONVERSION = YES;
				CLANG_WARN_DEPRECATED_OBJC_IMPLEMENTATIONS = YES;
				CLANG_WARN_DIRECT_OBJC_ISA_USAGE = YES_ERROR;
				CLANG_WARN_DOCUMENTATION_COMMENTS = YES;
				CLANG_WARN_EMPTY_BODY = YES;
				CLANG_WARN_ENUM_CONVERSION = YES;
				CLANG_WARN_INFINITE_RECURSION = YES;
				CLANG_WARN_INT_CONVERSION = YES;
				CLANG_WARN_NON_LITERAL_NULL_CONVERSION = YES;
				CLANG_WARN_OBJC_IMPLICIT_RETAIN_SELF = YES;
				CLANG_WARN_OBJC_LITERAL_CONVERSION = YES;
				CLANG_WARN_OBJC_ROOT_CLASS = YES_ERROR;
				CLANG_WARN_QUOTED_INCLUDE_IN_FRAMEWORK_HEADER = YES;
				CLANG_WARN_RANGE_LOOP_ANALYSIS = YES;
				CLANG_WARN_STRICT_PROTOTYPES = YES;
				CLANG_WARN_SUSPICIOUS_MOVE = YES;
				CLANG_WARN_UNGUARDED_AVAILABILITY = YES_AGGRESSIVE;
				CLANG_WARN_UNREACHABLE_CODE = YES;
				CLANG_WARN__DUPLICATE_METHOD_MATCH = YES;
				COPY_PHASE_STRIP = NO;
				DEBUG_INFORMATION_FORMAT = "dwarf-with-dsym";
				ENABLE_NS_ASSERTIONS = NO;
				ENABLE_STRICT_OBJC_MSGSEND = YES;
				GCC_C_LANGUAGE_STANDARD = gnu11;
				GCC_NO_COMMON_BLOCKS = YES;
				GCC_WARN_64_TO_32_BIT_CONVERSION = YES;
				GCC_WARN_ABOUT_RETURN_TYPE = YES_ERROR;
				GCC_WARN_UNDECLARED_SELECTOR = YES;
				GCC_WARN_UNINITIALIZED_AUTOS = YES_AGGRESSIVE;
				GCC_WARN_UNUSED_FUNCTION = YES;
				GCC_WARN_UNUSED_VARIABLE = YES;
				IPHONEOS_DEPLOYMENT_TARGET = 14.5;
				MTL_ENABLE_DEBUG_INFO = NO;
				MTL_FAST_MATH = YES;
				SDKROOT = iphoneos;
				SWIFT_COMPILATION_MODE = wholemodule;
				SWIFT_OPTIMIZATION_LEVEL = "-O";
				VALIDATE_PRODUCT = YES;
			};
			name = Release;
		};
		30D0C7B92728460300972D22 /* Debug */ = {
			isa = XCBuildConfiguration;
			buildSettings = {
				ASSETCATALOG_COMPILER_APPICON_NAME = AppIcon;
				ASSETCATALOG_COMPILER_GLOBAL_ACCENT_COLOR_NAME = AccentColor;
				CODE_SIGN_STYLE = Automatic;
				INFOPLIST_FILE = GoodNews/Info.plist;
				LD_RUNPATH_SEARCH_PATHS = (
					"$(inherited)",
					"@executable_path/Frameworks",
				);
				PRODUCT_BUNDLE_IDENTIFIER = com.JulioRobles.GoodNews;
				PRODUCT_NAME = "$(TARGET_NAME)";
				SWIFT_VERSION = 5.0;
				TARGETED_DEVICE_FAMILY = "1,2";
			};
			name = Debug;
		};
		30D0C7BA2728460300972D22 /* Release */ = {
			isa = XCBuildConfiguration;
			buildSettings = {
				ASSETCATALOG_COMPILER_APPICON_NAME = AppIcon;
				ASSETCATALOG_COMPILER_GLOBAL_ACCENT_COLOR_NAME = AccentColor;
				CODE_SIGN_STYLE = Automatic;
				INFOPLIST_FILE = GoodNews/Info.plist;
				LD_RUNPATH_SEARCH_PATHS = (
					"$(inherited)",
					"@executable_path/Frameworks",
				);
				PRODUCT_BUNDLE_IDENTIFIER = com.JulioRobles.GoodNews;
				PRODUCT_NAME = "$(TARGET_NAME)";
				SWIFT_VERSION = 5.0;
				TARGETED_DEVICE_FAMILY = "1,2";
			};
			name = Release;
		};
/* End XCBuildConfiguration section */

/* Begin XCConfigurationList section */
		30D0C79F2728460100972D22 /* Build configuration list for PBXProject "GoodNews" */ = {
			isa = XCConfigurationList;
			buildConfigurations = (
				30D0C7B62728460300972D22 /* Debug */,
				30D0C7B72728460300972D22 /* Release */,
			);
			defaultConfigurationIsVisible = 0;
			defaultConfigurationName = Release;
		};
		30D0C7B82728460300972D22 /* Build configuration list for PBXNativeTarget "GoodNews" */ = {
			isa = XCConfigurationList;
			buildConfigurations = (
				30D0C7B92728460300972D22 /* Debug */,
				30D0C7BA2728460300972D22 /* Release */,
			);
			defaultConfigurationIsVisible = 0;
			defaultConfigurationName = Release;
		};
/* End XCConfigurationList section */
	};
	rootObject = 30D0C79C2728460100972D22 /* Project object */;
}
